
Microsoft Visual Studio Solution File, Format Version 12.00
# Visual Studio Version 17
VisualStudioVersion = 17.2.32519.379
MinimumVisualStudioVersion = 10.0.40219.1
Project("{FAE04EC0-301F-11D3-BF4B-00C04F79EFBC}") = "SearchMethods", "SearchMethods\SearchMethods.csproj", "{3DB59E88-9DAB-42F4-BC24-78983FA6CCA7}"
EndProject
Global
	GlobalSection(SolutionConfigurationPlatforms) = preSolution
		Debug|Any CPU = Debug|Any CPU
		Release|Any CPU = Release|Any CPU
	EndGlobalSection
	GlobalSection(ProjectConfigurationPlatforms) = postSolution
		{3DB59E88-9DAB-42F4-BC24-78983FA6CCA7}.Debug|Any CPU.ActiveCfg = Debug|Any CPU
		{3DB59E88-9DAB-42F4-BC24-78983FA6CCA7}.Debug|Any CPU.Build.0 = Debug|Any CPU
		{3DB59E88-9DAB-42F4-BC24-78983FA6CCA7}.Release|Any CPU.ActiveCfg = Release|Any CPU
		{3DB59E88-9DAB-42F4-BC24-78983FA6CCA7}.Release|Any CPU.Build.0 = Release|Any CPU
	EndGlobalSection
	GlobalSection(SolutionProperties) = preSolution
		HideSolutionNode = FALSE
	EndGlobalSection
	GlobalSection(ExtensibilityGlobals) = postSolution
		SolutionGuid = {DF082976-C978-4519-9B2D-5F930F7BD260}
	EndGlobalSection
EndGlobal
