
Microsoft Visual Studio Solution File, Format Version 12.00
# Visual Studio Version 17
VisualStudioVersion = 17.2.32519.379
MinimumVisualStudioVersion = 10.0.40219.1
Project("{FAE04EC0-301F-11D3-BF4B-00C04F79EFBC}") = "SortMethods", "SortMethods\SortMethods.csproj", "{414ECCBB-D5D0-4ACE-8AA0-D5A5292F79BA}"
EndProject
Global
	GlobalSection(SolutionConfigurationPlatforms) = preSolution
		Debug|Any CPU = Debug|Any CPU
		Release|Any CPU = Release|Any CPU
	EndGlobalSection
	GlobalSection(ProjectConfigurationPlatforms) = postSolution
		{414ECCBB-D5D0-4ACE-8AA0-D5A5292F79BA}.Debug|Any CPU.ActiveCfg = Debug|Any CPU
		{414ECCBB-D5D0-4ACE-8AA0-D5A5292F79BA}.Debug|Any CPU.Build.0 = Debug|Any CPU
		{414ECCBB-D5D0-4ACE-8AA0-D5A5292F79BA}.Release|Any CPU.ActiveCfg = Release|Any CPU
		{414ECCBB-D5D0-4ACE-8AA0-D5A5292F79BA}.Release|Any CPU.Build.0 = Release|Any CPU
	EndGlobalSection
	GlobalSection(SolutionProperties) = preSolution
		HideSolutionNode = FALSE
	EndGlobalSection
	GlobalSection(ExtensibilityGlobals) = postSolution
		SolutionGuid = {7EE40FD9-E129-4420-B9D6-B8CA0DB259FE}
	EndGlobalSection
EndGlobal
